
Microsoft Visual Studio Solution File, Format Version 12.00
# Visual Studio Version 17
VisualStudioVersion = 17.8.34330.188
MinimumVisualStudioVersion = 10.0.40219.1
Project("{FAE04EC0-301F-11D3-BF4B-00C04F79EFBC}") = "Topshiriq", "Topshiriq\Topshiriq.csproj", "{7FDC85C3-A965-4BBF-A423-EE1B2D271A4C}"
EndProject
Global
	GlobalSection(SolutionConfigurationPlatforms) = preSolution
		Debug|Any CPU = Debug|Any CPU
		Release|Any CPU = Release|Any CPU
	EndGlobalSection
	GlobalSection(ProjectConfigurationPlatforms) = postSolution
		{7FDC85C3-A965-4BBF-A423-EE1B2D271A4C}.Debug|Any CPU.ActiveCfg = Debug|Any CPU
		{7FDC85C3-A965-4BBF-A423-EE1B2D271A4C}.Debug|Any CPU.Build.0 = Debug|Any CPU
		{7FDC85C3-A965-4BBF-A423-EE1B2D271A4C}.Release|Any CPU.ActiveCfg = Release|Any CPU
		{7FDC85C3-A965-4BBF-A423-EE1B2D271A4C}.Release|Any CPU.Build.0 = Release|Any CPU
	EndGlobalSection
	GlobalSection(SolutionProperties) = preSolution
		HideSolutionNode = FALSE
	EndGlobalSection
	GlobalSection(ExtensibilityGlobals) = postSolution
		SolutionGuid = {66927662-C0FA-4B52-B897-0BE5FDA21550}
	EndGlobalSection
EndGlobal
